// !$*UTF8*$!
{
	archiveVersion = 1;
	classes = {
	};
	objectVersion = 46;
	objects = {

/* Begin PBXBuildFile section */
		05738BD2139B94C800B1D2FD /* UIKit.framework in Frameworks */ = {isa = PBXBuildFile; fileRef = 05738BD1139B94C800B1D2FD /* UIKit.framework */; };
		05738BD4139B94C800B1D2FD /* Foundation.framework in Frameworks */ = {isa = PBXBuildFile; fileRef = 05738BD3139B94C800B1D2FD /* Foundation.framework */; };
		05738BD6139B94C800B1D2FD /* CoreGraphics.framework in Frameworks */ = {isa = PBXBuildFile; fileRef = 05738BD5139B94C800B1D2FD /* CoreGraphics.framework */; };
		05738BDC139B94C800B1D2FD /* InfoPlist.strings in Resources */ = {isa = PBXBuildFile; fileRef = 05738BDA139B94C800B1D2FD /* InfoPlist.strings */; };
		05738BDF139B94C900B1D2FD /* main.m in Sources */ = {isa = PBXBuildFile; fileRef = 05738BDE139B94C900B1D2FD /* main.m */; };
		05738BE2139B94C900B1D2FD /* MaskExampleAppDelegate.m in Sources */ = {isa = PBXBuildFile; fileRef = 05738BE1139B94C900B1D2FD /* MaskExampleAppDelegate.m */; };
		05738BE5139B94C900B1D2FD /* MainWindow.xib in Resources */ = {isa = PBXBuildFile; fileRef = 05738BE3139B94C900B1D2FD /* MainWindow.xib */; };
		05738BF6139B996300B1D2FD /* MaskTypesTableViewController.m in Sources */ = {isa = PBXBuildFile; fileRef = 05738BF5139B996300B1D2FD /* MaskTypesTableViewController.m */; };
		05738C28139BC66900B1D2FD /* ColorMaskViewController.m in Sources */ = {isa = PBXBuildFile; fileRef = 05738C27139BC66800B1D2FD /* ColorMaskViewController.m */; };
		05738C2B139BC7EC00B1D2FD /* bus.png in Resources */ = {isa = PBXBuildFile; fileRef = 05738C2A139BC7EC00B1D2FD /* bus.png */; };
		05738C36139BEEE000B1D2FD /* ImageMaskViewController.m in Sources */ = {isa = PBXBuildFile; fileRef = 05738C35139BEEE000B1D2FD /* ImageMaskViewController.m */; };
		05738C40139C1AD800B1D2FD /* ReflectedImageViewController.m in Sources */ = {isa = PBXBuildFile; fileRef = 05738C3F139C1AD500B1D2FD /* ReflectedImageViewController.m */; };
		0574EF8C139ED6AC0067E966 /* MaskWithImageViewController.m in Sources */ = {isa = PBXBuildFile; fileRef = 0574EF8B139ED6AC0067E966 /* MaskWithImageViewController.m */; };
/* End PBXBuildFile section */

/* Begin PBXFileReference section */
		05738BCD139B94C800B1D2FD /* MaskExample.app */ = {isa = PBXFileReference; explicitFileType = wrapper.application; includeInIndex = 0; path = MaskExample.app; sourceTree = BUILT_PRODUCTS_DIR; };
		05738BD1139B94C800B1D2FD /* UIKit.framework */ = {isa = PBXFileReference; lastKnownFileType = wrapper.framework; name = UIKit.framework; path = System/Library/Frameworks/UIKit.framework; sourceTree = SDKROOT; };
		05738BD3139B94C800B1D2FD /* Foundation.framework */ = {isa = PBXFileReference; lastKnownFileType = wrapper.framework; name = Foundation.framework; path = System/Library/Frameworks/Foundation.framework; sourceTree = SDKROOT; };
		05738BD5139B94C800B1D2FD /* CoreGraphics.framework */ = {isa = PBXFileReference; lastKnownFileType = wrapper.framework; name = CoreGraphics.framework; path = System/Library/Frameworks/CoreGraphics.framework; sourceTree = SDKROOT; };
		05738BD9139B94C800B1D2FD /* MaskExample-Info.plist */ = {isa = PBXFileReference; lastKnownFileType = text.plist.xml; path = "MaskExample-Info.plist"; sourceTree = "<group>"; };
		05738BDB139B94C800B1D2FD /* en */ = {isa = PBXFileReference; lastKnownFileType = text.plist.strings; name = en; path = en.lproj/InfoPlist.strings; sourceTree = "<group>"; };
		05738BDD139B94C800B1D2FD /* MaskExample-Prefix.pch */ = {isa = PBXFileReference; lastKnownFileType = sourcecode.c.h; path = "MaskExample-Prefix.pch"; sourceTree = "<group>"; };
		05738BDE139B94C900B1D2FD /* main.m */ = {isa = PBXFileReference; lastKnownFileType = sourcecode.c.objc; path = main.m; sourceTree = "<group>"; };
		05738BE0139B94C900B1D2FD /* MaskExampleAppDelegate.h */ = {isa = PBXFileReference; lastKnownFileType = sourcecode.c.h; path = MaskExampleAppDelegate.h; sourceTree = "<group>"; };
		05738BE1139B94C900B1D2FD /* MaskExampleAppDelegate.m */ = {isa = PBXFileReference; lastKnownFileType = sourcecode.c.objc; path = MaskExampleAppDelegate.m; sourceTree = "<group>"; };
		05738BE4139B94C900B1D2FD /* en */ = {isa = PBXFileReference; lastKnownFileType = file.xib; name = en; path = en.lproj/MainWindow.xib; sourceTree = "<group>"; };
		05738BF4139B996300B1D2FD /* MaskTypesTableViewController.h */ = {isa = PBXFileReference; fileEncoding = 4; lastKnownFileType = sourcecode.c.h; path = MaskTypesTableViewController.h; sourceTree = "<group>"; };
		05738BF5139B996300B1D2FD /* MaskTypesTableViewController.m */ = {isa = PBXFileReference; fileEncoding = 4; lastKnownFileType = sourcecode.c.objc; path = MaskTypesTableViewController.m; sourceTree = "<group>"; };
		05738C26139BC66800B1D2FD /* ColorMaskViewController.h */ = {isa = PBXFileReference; fileEncoding = 4; lastKnownFileType = sourcecode.c.h; path = ColorMaskViewController.h; sourceTree = "<group>"; };
		05738C27139BC66800B1D2FD /* ColorMaskViewController.m */ = {isa = PBXFileReference; fileEncoding = 4; lastKnownFileType = sourcecode.c.objc; path = ColorMaskViewController.m; sourceTree = "<group>"; };
		05738C2A139BC7EC00B1D2FD /* bus.png */ = {isa = PBXFileReference; lastKnownFileType = image.png; path = bus.png; sourceTree = "<group>"; };
		05738C34139BEEDF00B1D2FD /* ImageMaskViewController.h */ = {isa = PBXFileReference; fileEncoding = 4; lastKnownFileType = sourcecode.c.h; name = ImageMaskViewController.h; path = ../ImageMaskViewController.h; sourceTree = "<group>"; };
		05738C35139BEEE000B1D2FD /* ImageMaskViewController.m */ = {isa = PBXFileReference; fileEncoding = 4; lastKnownFileType = sourcecode.c.objc; name = ImageMaskViewController.m; path = ../ImageMaskViewController.m; sourceTree = "<group>"; };
		05738C3E139C1AD400B1D2FD /* ReflectedImageViewController.h */ = {isa = PBXFileReference; fileEncoding = 4; lastKnownFileType = sourcecode.c.h; path = ReflectedImageViewController.h; sourceTree = "<group>"; };
		05738C3F139C1AD500B1D2FD /* ReflectedImageViewController.m */ = {isa = PBXFileReference; fileEncoding = 4; lastKnownFileType = sourcecode.c.objc; path = ReflectedImageViewController.m; sourceTree = "<group>"; };
		0574EF8A139ED6AC0067E966 /* MaskWithImageViewController.h */ = {isa = PBXFileReference; fileEncoding = 4; lastKnownFileType = sourcecode.c.h; path = MaskWithImageViewController.h; sourceTree = "<group>"; };
		0574EF8B139ED6AC0067E966 /* MaskWithImageViewController.m */ = {isa = PBXFileReference; fileEncoding = 4; lastKnownFileType = sourcecode.c.objc; path = MaskWithImageViewController.m; sourceTree = "<group>"; };
/* End PBXFileReference section */

/* Begin PBXFrameworksBuildPhase section */
		05738BCA139B94C800B1D2FD /* Frameworks */ = {
			isa = PBXFrameworksBuildPhase;
			buildActionMask = 2147483647;
			files = (
				05738BD2139B94C800B1D2FD /* UIKit.framework in Frameworks */,
				05738BD4139B94C800B1D2FD /* Foundation.framework in Frameworks */,
				05738BD6139B94C800B1D2FD /* CoreGraphics.framework in Frameworks */,
			);
			runOnlyForDeploymentPostprocessing = 0;
		};
/* End PBXFrameworksBuildPhase section */

/* Begin PBXGroup section */
		05738BC2139B94C700B1D2FD = {
			isa = PBXGroup;
			children = (
				05738C29139BC71B00B1D2FD /* Resources */,
				05738BD7139B94C800B1D2FD /* MaskExample */,
				05738BD0139B94C800B1D2FD /* Frameworks */,
				05738BCE139B94C800B1D2FD /* Products */,
			);
			sourceTree = "<group>";
		};
		05738BCE139B94C800B1D2FD /* Products */ = {
			isa = PBXGroup;
			children = (
				05738BCD139B94C800B1D2FD /* MaskExample.app */,
			);
			name = Products;
			sourceTree = "<group>";
		};
		05738BD0139B94C800B1D2FD /* Frameworks */ = {
			isa = PBXGroup;
			children = (
				05738BD1139B94C800B1D2FD /* UIKit.framework */,
				05738BD3139B94C800B1D2FD /* Foundation.framework */,
				05738BD5139B94C800B1D2FD /* CoreGraphics.framework */,
			);
			name = Frameworks;
			sourceTree = "<group>";
		};
		05738BD7139B94C800B1D2FD /* MaskExample */ = {
			isa = PBXGroup;
			children = (
				05738C26139BC66800B1D2FD /* ColorMaskViewController.h */,
				05738C27139BC66800B1D2FD /* ColorMaskViewController.m */,
				05738C34139BEEDF00B1D2FD /* ImageMaskViewController.h */,
				05738C35139BEEE000B1D2FD /* ImageMaskViewController.m */,
				05738BF4139B996300B1D2FD /* MaskTypesTableViewController.h */,
				05738BF5139B996300B1D2FD /* MaskTypesTableViewController.m */,
				05738BE0139B94C900B1D2FD /* MaskExampleAppDelegate.h */,
				05738BE1139B94C900B1D2FD /* MaskExampleAppDelegate.m */,
				05738BE3139B94C900B1D2FD /* MainWindow.xib */,
				05738BD8139B94C800B1D2FD /* Supporting Files */,
				05738C3E139C1AD400B1D2FD /* ReflectedImageViewController.h */,
				05738C3F139C1AD500B1D2FD /* ReflectedImageViewController.m */,
				0574EF8A139ED6AC0067E966 /* MaskWithImageViewController.h */,
				0574EF8B139ED6AC0067E966 /* MaskWithImageViewController.m */,
			);
			path = MaskExample;
			sourceTree = "<group>";
		};
		05738BD8139B94C800B1D2FD /* Supporting Files */ = {
			isa = PBXGroup;
			children = (
				05738BD9139B94C800B1D2FD /* MaskExample-Info.plist */,
				05738BDA139B94C800B1D2FD /* InfoPlist.strings */,
				05738BDD139B94C800B1D2FD /* MaskExample-Prefix.pch */,
				05738BDE139B94C900B1D2FD /* main.m */,
			);
			name = "Supporting Files";
			sourceTree = "<group>";
		};
		05738C29139BC71B00B1D2FD /* Resources */ = {
			isa = PBXGroup;
			children = (
				05738C2A139BC7EC00B1D2FD /* bus.png */,
			);
			name = Resources;
			path = MaskExample/Resources;
			sourceTree = "<group>";
		};
/* End PBXGroup section */

/* Begin PBXNativeTarget section */
		05738BCC139B94C800B1D2FD /* MaskExample */ = {
			isa = PBXNativeTarget;
			buildConfigurationList = 05738BEE139B94C900B1D2FD /* Build configuration list for PBXNativeTarget "MaskExample" */;
			buildPhases = (
				05738BC9139B94C800B1D2FD /* Sources */,
				05738BCA139B94C800B1D2FD /* Frameworks */,
				05738BCB139B94C800B1D2FD /* Resources */,
			);
			buildRules = (
			);
			dependencies = (
			);
			name = MaskExample;
			productName = MaskExample;
			productReference = 05738BCD139B94C800B1D2FD /* MaskExample.app */;
			productType = "com.apple.product-type.application";
		};
/* End PBXNativeTarget section */

/* Begin PBXProject section */
		05738BC4139B94C700B1D2FD /* Project object */ = {
			isa = PBXProject;
			attributes = {
				ORGANIZATIONNAME = "University of Edinburgh";
			};
			buildConfigurationList = 05738BC7139B94C700B1D2FD /* Build configuration list for PBXProject "MaskExample" */;
			compatibilityVersion = "Xcode 3.2";
			developmentRegion = English;
			hasScannedForEncodings = 0;
			knownRegions = (
				en,
			);
			mainGroup = 05738BC2139B94C700B1D2FD;
			productRefGroup = 05738BCE139B94C800B1D2FD /* Products */;
			projectDirPath = "";
			projectRoot = "";
			targets = (
				05738BCC139B94C800B1D2FD /* MaskExample */,
			);
		};
/* End PBXProject section */

/* Begin PBXResourcesBuildPhase section */
		05738BCB139B94C800B1D2FD /* Resources */ = {
			isa = PBXResourcesBuildPhase;
			buildActionMask = 2147483647;
			files = (
				05738BDC139B94C800B1D2FD /* InfoPlist.strings in Resources */,
				05738BE5139B94C900B1D2FD /* MainWindow.xib in Resources */,
				05738C2B139BC7EC00B1D2FD /* bus.png in Resources */,
			);
			runOnlyForDeploymentPostprocessing = 0;
		};
/* End PBXResourcesBuildPhase section */

/* Begin PBXSourcesBuildPhase section */
		05738BC9139B94C800B1D2FD /* Sources */ = {
			isa = PBXSourcesBuildPhase;
			buildActionMask = 2147483647;
			files = (
				05738BDF139B94C900B1D2FD /* main.m in Sources */,
				05738BE2139B94C900B1D2FD /* MaskExampleAppDelegate.m in Sources */,
				05738BF6139B996300B1D2FD /* MaskTypesTableViewController.m in Sources */,
				05738C28139BC66900B1D2FD /* ColorMaskViewController.m in Sources */,
				05738C36139BEEE000B1D2FD /* ImageMaskViewController.m in Sources */,
				05738C40139C1AD800B1D2FD /* ReflectedImageViewController.m in Sources */,
				0574EF8C139ED6AC0067E966 /* MaskWithImageViewController.m in Sources */,
			);
			runOnlyForDeploymentPostprocessing = 0;
		};
/* End PBXSourcesBuildPhase section */

/* Begin PBXVariantGroup section */
		05738BDA139B94C800B1D2FD /* InfoPlist.strings */ = {
			isa = PBXVariantGroup;
			children = (
				05738BDB139B94C800B1D2FD /* en */,
			);
			name = InfoPlist.strings;
			sourceTree = "<group>";
		};
		05738BE3139B94C900B1D2FD /* MainWindow.xib */ = {
			isa = PBXVariantGroup;
			children = (
				05738BE4139B94C900B1D2FD /* en */,
			);
			name = MainWindow.xib;
			sourceTree = "<group>";
		};
/* End PBXVariantGroup section */

/* Begin XCBuildConfiguration section */
		05738BEC139B94C900B1D2FD /* Debug */ = {
			isa = XCBuildConfiguration;
			buildSettings = {
				ARCHS = "$(ARCHS_STANDARD_32_BIT)";
				"CODE_SIGN_IDENTITY[sdk=iphoneos*]" = "iPhone Developer";
				GCC_C_LANGUAGE_STANDARD = gnu99;
				GCC_OPTIMIZATION_LEVEL = 0;
				GCC_PREPROCESSOR_DEFINITIONS = DEBUG;
				GCC_SYMBOLS_PRIVATE_EXTERN = NO;
				GCC_VERSION = com.apple.compilers.llvmgcc42;
				GCC_WARN_ABOUT_RETURN_TYPE = YES;
				GCC_WARN_UNUSED_VARIABLE = YES;
				IPHONEOS_DEPLOYMENT_TARGET = 4.3;
				SDKROOT = iphoneos;
			};
			name = Debug;
		};
		05738BED139B94C900B1D2FD /* Release */ = {
			isa = XCBuildConfiguration;
			buildSettings = {
				ARCHS = "$(ARCHS_STANDARD_32_BIT)";
				"CODE_SIGN_IDENTITY[sdk=iphoneos*]" = "iPhone Developer";
				GCC_C_LANGUAGE_STANDARD = gnu99;
				GCC_VERSION = com.apple.compilers.llvmgcc42;
				GCC_WARN_ABOUT_RETURN_TYPE = YES;
				GCC_WARN_UNUSED_VARIABLE = YES;
				IPHONEOS_DEPLOYMENT_TARGET = 4.3;
				OTHER_CFLAGS = "-DNS_BLOCK_ASSERTIONS=1";
				SDKROOT = iphoneos;
			};
			name = Release;
		};
		05738BEF139B94C900B1D2FD /* Debug */ = {
			isa = XCBuildConfiguration;
			buildSettings = {
				ALWAYS_SEARCH_USER_PATHS = NO;
				COPY_PHASE_STRIP = NO;
				GCC_DYNAMIC_NO_PIC = NO;
				GCC_PRECOMPILE_PREFIX_HEADER = YES;
				GCC_PREFIX_HEADER = "MaskExample/MaskExample-Prefix.pch";
				INFOPLIST_FILE = "MaskExample/MaskExample-Info.plist";
				PRODUCT_NAME = "$(TARGET_NAME)";
				WRAPPER_EXTENSION = app;
			};
			name = Debug;
		};
		05738BF0139B94C900B1D2FD /* Release */ = {
			isa = XCBuildConfiguration;
			buildSettings = {
				ALWAYS_SEARCH_USER_PATHS = NO;
				COPY_PHASE_STRIP = YES;
				GCC_PRECOMPILE_PREFIX_HEADER = YES;
				GCC_PREFIX_HEADER = "MaskExample/MaskExample-Prefix.pch";
				INFOPLIST_FILE = "MaskExample/MaskExample-Info.plist";
				PRODUCT_NAME = "$(TARGET_NAME)";
				VALIDATE_PRODUCT = YES;
				WRAPPER_EXTENSION = app;
			};
			name = Release;
		};
/* End XCBuildConfiguration section */

/* Begin XCConfigurationList section */
		05738BC7139B94C700B1D2FD /* Build configuration list for PBXProject "MaskExample" */ = {
			isa = XCConfigurationList;
			buildConfigurations = (
				05738BEC139B94C900B1D2FD /* Debug */,
				05738BED139B94C900B1D2FD /* Release */,
			);
			defaultConfigurationIsVisible = 0;
			defaultConfigurationName = Release;
		};
		05738BEE139B94C900B1D2FD /* Build configuration list for PBXNativeTarget "MaskExample" */ = {
			isa = XCConfigurationList;
			buildConfigurations = (
				05738BEF139B94C900B1D2FD /* Debug */,
				05738BF0139B94C900B1D2FD /* Release */,
			);
			defaultConfigurationIsVisible = 0;
			defaultConfigurationName = Release;
		};
/* End XCConfigurationList section */
	};
	rootObject = 05738BC4139B94C700B1D2FD /* Project object */;
}
